// !$*UTF8*$!
{
	archiveVersion = 1;
	classes = {
	};
	objectVersion = 56;
	objects = {

/* Begin PBXBuildFile section */
		540BBBF32BD03859008315D5 /* RickAndMortyApp.swift in Sources */ = {isa = PBXBuildFile; fileRef = 540BBBF22BD03859008315D5 /* RickAndMortyApp.swift */; };
		540BBBF72BD0385A008315D5 /* Assets.xcassets in Resources */ = {isa = PBXBuildFile; fileRef = 540BBBF62BD0385A008315D5 /* Assets.xcassets */; };
		540BBBFA2BD0385A008315D5 /* Preview Assets.xcassets in Resources */ = {isa = PBXBuildFile; fileRef = 540BBBF92BD0385A008315D5 /* Preview Assets.xcassets */; };
		540BBC0E2BD0385B008315D5 /* RickAndMortyUITests.swift in Sources */ = {isa = PBXBuildFile; fileRef = 540BBC0D2BD0385B008315D5 /* RickAndMortyUITests.swift */; };
		540BBC102BD0385B008315D5 /* RickAndMortyUITestsLaunchTests.swift in Sources */ = {isa = PBXBuildFile; fileRef = 540BBC0F2BD0385B008315D5 /* RickAndMortyUITestsLaunchTests.swift */; };
		540BBC1E2BD03A59008315D5 /* RootView.swift in Sources */ = {isa = PBXBuildFile; fileRef = 540BBC1D2BD03A59008315D5 /* RootView.swift */; };
		540BBC212BD03B19008315D5 /* RickMortyTabItem.swift in Sources */ = {isa = PBXBuildFile; fileRef = 540BBC202BD03B19008315D5 /* RickMortyTabItem.swift */; };
		540BBC262BD03BD9008315D5 /* CharactersView.swift in Sources */ = {isa = PBXBuildFile; fileRef = 540BBC252BD03BD9008315D5 /* CharactersView.swift */; };
		540BBC282BD03BE2008315D5 /* EpisodesView.swift in Sources */ = {isa = PBXBuildFile; fileRef = 540BBC272BD03BE2008315D5 /* EpisodesView.swift */; };
		540BBC2C2BD03D92008315D5 /* Localizable.xcstrings in Resources */ = {isa = PBXBuildFile; fileRef = 540BBC2B2BD03D92008315D5 /* Localizable.xcstrings */; };
		540BBC322BD03F61008315D5 /* CharactersViewModel.swift in Sources */ = {isa = PBXBuildFile; fileRef = 540BBC312BD03F61008315D5 /* CharactersViewModel.swift */; };
		540BBC352BD04047008315D5 /* TabItemRepresentable.swift in Sources */ = {isa = PBXBuildFile; fileRef = 540BBC342BD04047008315D5 /* TabItemRepresentable.swift */; };
		540BBC382BD0406C008315D5 /* Character.swift in Sources */ = {isa = PBXBuildFile; fileRef = 540BBC372BD0406C008315D5 /* Character.swift */; };
		540BBC3B2BD04095008315D5 /* Episode.swift in Sources */ = {isa = PBXBuildFile; fileRef = 540BBC3A2BD04095008315D5 /* Episode.swift */; };
		540BBC412BD04226008315D5 /* Alamofire in Frameworks */ = {isa = PBXBuildFile; productRef = 540BBC402BD04226008315D5 /* Alamofire */; };
		540BBC432BD04259008315D5 /* NetworkClient.swift in Sources */ = {isa = PBXBuildFile; fileRef = 540BBC422BD04259008315D5 /* NetworkClient.swift */; };
		540BBC452BD04317008315D5 /* APIClient.swift in Sources */ = {isa = PBXBuildFile; fileRef = 540BBC442BD04317008315D5 /* APIClient.swift */; };
		540BBC472BD0433C008315D5 /* NetworkClientInterface.swift in Sources */ = {isa = PBXBuildFile; fileRef = 540BBC462BD0433C008315D5 /* NetworkClientInterface.swift */; };
		540BBC492BD0439D008315D5 /* APIClientInterface.swift in Sources */ = {isa = PBXBuildFile; fileRef = 540BBC482BD0439D008315D5 /* APIClientInterface.swift */; };
		540BBC4C2BD043D5008315D5 /* CharacterDTO.swift in Sources */ = {isa = PBXBuildFile; fileRef = 540BBC4B2BD043D5008315D5 /* CharacterDTO.swift */; };
		540BBC4E2BD044E4008315D5 /* CharactersListDTO.swift in Sources */ = {isa = PBXBuildFile; fileRef = 540BBC4D2BD044E4008315D5 /* CharactersListDTO.swift */; };
		540BBC522BD04515008315D5 /* ListInfoDTO.swift in Sources */ = {isa = PBXBuildFile; fileRef = 540BBC512BD04515008315D5 /* ListInfoDTO.swift */; };
		540BBC552BD0464C008315D5 /* APIServices.swift in Sources */ = {isa = PBXBuildFile; fileRef = 540BBC542BD0464C008315D5 /* APIServices.swift */; };
		540BBC572BD0467B008315D5 /* APIServiceRepresentable.swift in Sources */ = {isa = PBXBuildFile; fileRef = 540BBC562BD0467B008315D5 /* APIServiceRepresentable.swift */; };
		540BBC5A2BD04960008315D5 /* GetAllCharacters.swift in Sources */ = {isa = PBXBuildFile; fileRef = 540BBC592BD04960008315D5 /* GetAllCharacters.swift */; };
		540BBC5D2BD04980008315D5 /* CharactersDataSource.swift in Sources */ = {isa = PBXBuildFile; fileRef = 540BBC5C2BD04980008315D5 /* CharactersDataSource.swift */; };
		540BBC5F2BD0498B008315D5 /* CharactersDataSourceImp.swift in Sources */ = {isa = PBXBuildFile; fileRef = 540BBC5E2BD0498B008315D5 /* CharactersDataSourceImp.swift */; };
		540BBC632BD04A18008315D5 /* CharacterMapper.swift in Sources */ = {isa = PBXBuildFile; fileRef = 540BBC622BD04A18008315D5 /* CharacterMapper.swift */; };
		540BBC692BD050D9008315D5 /* EpisodeDTO.swift in Sources */ = {isa = PBXBuildFile; fileRef = 540BBC682BD050D9008315D5 /* EpisodeDTO.swift */; };
		540BBC6B2BD050E2008315D5 /* EpisodeListDTO.swift in Sources */ = {isa = PBXBuildFile; fileRef = 540BBC6A2BD050E2008315D5 /* EpisodeListDTO.swift */; };
		540BBC6D2BD051C2008315D5 /* EpisodesViewModel.swift in Sources */ = {isa = PBXBuildFile; fileRef = 540BBC6C2BD051C2008315D5 /* EpisodesViewModel.swift */; };
		540BBC6F2BD05210008315D5 /* GetAllEpisodes.swift in Sources */ = {isa = PBXBuildFile; fileRef = 540BBC6E2BD05210008315D5 /* GetAllEpisodes.swift */; };
		540BBC732BD0523F008315D5 /* EpisodesDataSource.swift in Sources */ = {isa = PBXBuildFile; fileRef = 540BBC722BD0523F008315D5 /* EpisodesDataSource.swift */; };
		540BBC752BD05261008315D5 /* EpisodesDataSourceImp.swift in Sources */ = {isa = PBXBuildFile; fileRef = 540BBC742BD05261008315D5 /* EpisodesDataSourceImp.swift */; };
		540BBC792BD052CD008315D5 /* EpisodeMapper.swift in Sources */ = {isa = PBXBuildFile; fileRef = 540BBC782BD052CD008315D5 /* EpisodeMapper.swift */; };
		540BBC7B2BD05C87008315D5 /* CharacterItemView.swift in Sources */ = {isa = PBXBuildFile; fileRef = 540BBC7A2BD05C87008315D5 /* CharacterItemView.swift */; };
		540BBC7D2BD05C92008315D5 /* EpisodeItemView.swift in Sources */ = {isa = PBXBuildFile; fileRef = 540BBC7C2BD05C92008315D5 /* EpisodeItemView.swift */; };
		540BBC802BD05D05008315D5 /* Episode+PreviewContent.swift in Sources */ = {isa = PBXBuildFile; fileRef = 540BBC7F2BD05D05008315D5 /* Episode+PreviewContent.swift */; };
		540BBC842BD05D1A008315D5 /* Character+PreviewContent.swift in Sources */ = {isa = PBXBuildFile; fileRef = 540BBC832BD05D1A008315D5 /* Character+PreviewContent.swift */; };
		540BBC882BD05F33008315D5 /* CustomRemoteImage.swift in Sources */ = {isa = PBXBuildFile; fileRef = 540BBC872BD05F33008315D5 /* CustomRemoteImage.swift */; };
		542398882BD1C8EE004C4C3A /* NetworkClientTest.swift in Sources */ = {isa = PBXBuildFile; fileRef = 542398872BD1C8EE004C4C3A /* NetworkClientTest.swift */; };
		5423988D2BD1C955004C4C3A /* Mocker in Frameworks */ = {isa = PBXBuildFile; productRef = 5423988C2BD1C955004C4C3A /* Mocker */; };
		542398912BD1C9EC004C4C3A /* characters_list.json in Resources */ = {isa = PBXBuildFile; fileRef = 542398902BD1C9EC004C4C3A /* characters_list.json */; };
		542398922BD1C9EC004C4C3A /* characters_list.json in Resources */ = {isa = PBXBuildFile; fileRef = 542398902BD1C9EC004C4C3A /* characters_list.json */; };
		542398942BD1CA03004C4C3A /* MockedData.swift in Sources */ = {isa = PBXBuildFile; fileRef = 542398932BD1CA03004C4C3A /* MockedData.swift */; };
		542398952BD1CA03004C4C3A /* MockedData.swift in Sources */ = {isa = PBXBuildFile; fileRef = 542398932BD1CA03004C4C3A /* MockedData.swift */; };
		542398972BD1CA75004C4C3A /* MockerMock.swift in Sources */ = {isa = PBXBuildFile; fileRef = 542398962BD1CA75004C4C3A /* MockerMock.swift */; };
		542398982BD1CA75004C4C3A /* MockerMock.swift in Sources */ = {isa = PBXBuildFile; fileRef = 542398962BD1CA75004C4C3A /* MockerMock.swift */; };
		5423989B2BD1CAE8004C4C3A /* NetworkClientConfiguration.swift in Sources */ = {isa = PBXBuildFile; fileRef = 5423989A2BD1CAE8004C4C3A /* NetworkClientConfiguration.swift */; };
		5423989C2BD1CAE8004C4C3A /* NetworkClientConfiguration.swift in Sources */ = {isa = PBXBuildFile; fileRef = 5423989A2BD1CAE8004C4C3A /* NetworkClientConfiguration.swift */; };
		544E685B2BD0684D001266B4 /* CharactersDetailView.swift in Sources */ = {isa = PBXBuildFile; fileRef = 544E685A2BD0684D001266B4 /* CharactersDetailView.swift */; };
		544E685F2BD06A83001266B4 /* SearchCharacter.swift in Sources */ = {isa = PBXBuildFile; fileRef = 544E685E2BD06A83001266B4 /* SearchCharacter.swift */; };
		544E68612BD06D71001266B4 /* CharactersQueryDTO.swift in Sources */ = {isa = PBXBuildFile; fileRef = 544E68602BD06D71001266B4 /* CharactersQueryDTO.swift */; };
		544E68632BD07433001266B4 /* CharacterStatus.swift in Sources */ = {isa = PBXBuildFile; fileRef = 544E68622BD07433001266B4 /* CharacterStatus.swift */; };
		549C25562BD07FE30074C600 /* AppError.swift in Sources */ = {isa = PBXBuildFile; fileRef = 549C25552BD07FE30074C600 /* AppError.swift */; };
/* End PBXBuildFile section */

/* Begin PBXContainerItemProxy section */
		540BBC002BD0385A008315D5 /* PBXContainerItemProxy */ = {
			isa = PBXContainerItemProxy;
			containerPortal = 540BBBE72BD03859008315D5 /* Project object */;
			proxyType = 1;
			remoteGlobalIDString = 540BBBEE2BD03859008315D5;
			remoteInfo = RickAndMorty;
		};
		540BBC0A2BD0385B008315D5 /* PBXContainerItemProxy */ = {
			isa = PBXContainerItemProxy;
			containerPortal = 540BBBE72BD03859008315D5 /* Project object */;
			proxyType = 1;
			remoteGlobalIDString = 540BBBEE2BD03859008315D5;
			remoteInfo = RickAndMorty;
		};
/* End PBXContainerItemProxy section */

/* Begin PBXFileReference section */
		540BBBEF2BD03859008315D5 /* RickAndMorty.app */ = {isa = PBXFileReference; explicitFileType = wrapper.application; includeInIndex = 0; path = RickAndMorty.app; sourceTree = BUILT_PRODUCTS_DIR; };
		540BBBF22BD03859008315D5 /* RickAndMortyApp.swift */ = {isa = PBXFileReference; lastKnownFileType = sourcecode.swift; path = RickAndMortyApp.swift; sourceTree = "<group>"; };
		540BBBF62BD0385A008315D5 /* Assets.xcassets */ = {isa = PBXFileReference; lastKnownFileType = folder.assetcatalog; path = Assets.xcassets; sourceTree = "<group>"; };
		540BBBF92BD0385A008315D5 /* Preview Assets.xcassets */ = {isa = PBXFileReference; lastKnownFileType = folder.assetcatalog; path = "Preview Assets.xcassets"; sourceTree = "<group>"; };
		540BBBFF2BD0385A008315D5 /* RickAndMortyTests.xctest */ = {isa = PBXFileReference; explicitFileType = wrapper.cfbundle; includeInIndex = 0; path = RickAndMortyTests.xctest; sourceTree = BUILT_PRODUCTS_DIR; };
		540BBC092BD0385B008315D5 /* RickAndMortyUITests.xctest */ = {isa = PBXFileReference; explicitFileType = wrapper.cfbundle; includeInIndex = 0; path = RickAndMortyUITests.xctest; sourceTree = BUILT_PRODUCTS_DIR; };
		540BBC0D2BD0385B008315D5 /* RickAndMortyUITests.swift */ = {isa = PBXFileReference; lastKnownFileType = sourcecode.swift; path = RickAndMortyUITests.swift; sourceTree = "<group>"; };
		540BBC0F2BD0385B008315D5 /* RickAndMortyUITestsLaunchTests.swift */ = {isa = PBXFileReference; lastKnownFileType = sourcecode.swift; path = RickAndMortyUITestsLaunchTests.swift; sourceTree = "<group>"; };
		540BBC1D2BD03A59008315D5 /* RootView.swift */ = {isa = PBXFileReference; lastKnownFileType = sourcecode.swift; path = RootView.swift; sourceTree = "<group>"; };
		540BBC202BD03B19008315D5 /* RickMortyTabItem.swift */ = {isa = PBXFileReference; lastKnownFileType = sourcecode.swift; path = RickMortyTabItem.swift; sourceTree = "<group>"; };
		540BBC252BD03BD9008315D5 /* CharactersView.swift */ = {isa = PBXFileReference; lastKnownFileType = sourcecode.swift; path = CharactersView.swift; sourceTree = "<group>"; };
		540BBC272BD03BE2008315D5 /* EpisodesView.swift */ = {isa = PBXFileReference; lastKnownFileType = sourcecode.swift; path = EpisodesView.swift; sourceTree = "<group>"; };
		540BBC2B2BD03D92008315D5 /* Localizable.xcstrings */ = {isa = PBXFileReference; lastKnownFileType = text.json.xcstrings; path = Localizable.xcstrings; sourceTree = "<group>"; };
		540BBC312BD03F61008315D5 /* CharactersViewModel.swift */ = {isa = PBXFileReference; lastKnownFileType = sourcecode.swift; path = CharactersViewModel.swift; sourceTree = "<group>"; };
		540BBC342BD04047008315D5 /* TabItemRepresentable.swift */ = {isa = PBXFileReference; lastKnownFileType = sourcecode.swift; path = TabItemRepresentable.swift; sourceTree = "<group>"; };
		540BBC372BD0406C008315D5 /* Character.swift */ = {isa = PBXFileReference; lastKnownFileType = sourcecode.swift; path = Character.swift; sourceTree = "<group>"; };
		540BBC3A2BD04095008315D5 /* Episode.swift */ = {isa = PBXFileReference; lastKnownFileType = sourcecode.swift; path = Episode.swift; sourceTree = "<group>"; };
		540BBC422BD04259008315D5 /* NetworkClient.swift */ = {isa = PBXFileReference; lastKnownFileType = sourcecode.swift; path = NetworkClient.swift; sourceTree = "<group>"; };
		540BBC442BD04317008315D5 /* APIClient.swift */ = {isa = PBXFileReference; lastKnownFileType = sourcecode.swift; path = APIClient.swift; sourceTree = "<group>"; };
		540BBC462BD0433C008315D5 /* NetworkClientInterface.swift */ = {isa = PBXFileReference; lastKnownFileType = sourcecode.swift; path = NetworkClientInterface.swift; sourceTree = "<group>"; };
		540BBC482BD0439D008315D5 /* APIClientInterface.swift */ = {isa = PBXFileReference; lastKnownFileType = sourcecode.swift; path = APIClientInterface.swift; sourceTree = "<group>"; };
		540BBC4B2BD043D5008315D5 /* CharacterDTO.swift */ = {isa = PBXFileReference; lastKnownFileType = sourcecode.swift; path = CharacterDTO.swift; sourceTree = "<group>"; };
		540BBC4D2BD044E4008315D5 /* CharactersListDTO.swift */ = {isa = PBXFileReference; lastKnownFileType = sourcecode.swift; path = CharactersListDTO.swift; sourceTree = "<group>"; };
		540BBC512BD04515008315D5 /* ListInfoDTO.swift */ = {isa = PBXFileReference; lastKnownFileType = sourcecode.swift; path = ListInfoDTO.swift; sourceTree = "<group>"; };
		540BBC542BD0464C008315D5 /* APIServices.swift */ = {isa = PBXFileReference; lastKnownFileType = sourcecode.swift; path = APIServices.swift; sourceTree = "<group>"; };
		540BBC562BD0467B008315D5 /* APIServiceRepresentable.swift */ = {isa = PBXFileReference; lastKnownFileType = sourcecode.swift; path = APIServiceRepresentable.swift; sourceTree = "<group>"; };
		540BBC592BD04960008315D5 /* GetAllCharacters.swift */ = {isa = PBXFileReference; lastKnownFileType = sourcecode.swift; path = GetAllCharacters.swift; sourceTree = "<group>"; };
		540BBC5C2BD04980008315D5 /* CharactersDataSource.swift */ = {isa = PBXFileReference; lastKnownFileType = sourcecode.swift; path = CharactersDataSource.swift; sourceTree = "<group>"; };
		540BBC5E2BD0498B008315D5 /* CharactersDataSourceImp.swift */ = {isa = PBXFileReference; lastKnownFileType = sourcecode.swift; path = CharactersDataSourceImp.swift; sourceTree = "<group>"; };
		540BBC622BD04A18008315D5 /* CharacterMapper.swift */ = {isa = PBXFileReference; lastKnownFileType = sourcecode.swift; path = CharacterMapper.swift; sourceTree = "<group>"; };
		540BBC682BD050D9008315D5 /* EpisodeDTO.swift */ = {isa = PBXFileReference; lastKnownFileType = sourcecode.swift; path = EpisodeDTO.swift; sourceTree = "<group>"; };
		540BBC6A2BD050E2008315D5 /* EpisodeListDTO.swift */ = {isa = PBXFileReference; lastKnownFileType = sourcecode.swift; path = EpisodeListDTO.swift; sourceTree = "<group>"; };
		540BBC6C2BD051C2008315D5 /* EpisodesViewModel.swift */ = {isa = PBXFileReference; lastKnownFileType = sourcecode.swift; path = EpisodesViewModel.swift; sourceTree = "<group>"; };
		540BBC6E2BD05210008315D5 /* GetAllEpisodes.swift */ = {isa = PBXFileReference; lastKnownFileType = sourcecode.swift; path = GetAllEpisodes.swift; sourceTree = "<group>"; };
		540BBC722BD0523F008315D5 /* EpisodesDataSource.swift */ = {isa = PBXFileReference; lastKnownFileType = sourcecode.swift; path = EpisodesDataSource.swift; sourceTree = "<group>"; };
		540BBC742BD05261008315D5 /* EpisodesDataSourceImp.swift */ = {isa = PBXFileReference; lastKnownFileType = sourcecode.swift; path = EpisodesDataSourceImp.swift; sourceTree = "<group>"; };
		540BBC782BD052CD008315D5 /* EpisodeMapper.swift */ = {isa = PBXFileReference; lastKnownFileType = sourcecode.swift; path = EpisodeMapper.swift; sourceTree = "<group>"; };
		540BBC7A2BD05C87008315D5 /* CharacterItemView.swift */ = {isa = PBXFileReference; lastKnownFileType = sourcecode.swift; path = CharacterItemView.swift; sourceTree = "<group>"; };
		540BBC7C2BD05C92008315D5 /* EpisodeItemView.swift */ = {isa = PBXFileReference; lastKnownFileType = sourcecode.swift; path = EpisodeItemView.swift; sourceTree = "<group>"; };
		540BBC7F2BD05D05008315D5 /* Episode+PreviewContent.swift */ = {isa = PBXFileReference; lastKnownFileType = sourcecode.swift; path = "Episode+PreviewContent.swift"; sourceTree = "<group>"; };
		540BBC832BD05D1A008315D5 /* Character+PreviewContent.swift */ = {isa = PBXFileReference; lastKnownFileType = sourcecode.swift; path = "Character+PreviewContent.swift"; sourceTree = "<group>"; };
		540BBC872BD05F33008315D5 /* CustomRemoteImage.swift */ = {isa = PBXFileReference; lastKnownFileType = sourcecode.swift; path = CustomRemoteImage.swift; sourceTree = "<group>"; };
		542398862BD1C8CD004C4C3A /* RickAndMorty.xctestplan */ = {isa = PBXFileReference; lastKnownFileType = text; name = RickAndMorty.xctestplan; path = TestPlans/RickAndMorty.xctestplan; sourceTree = "<group>"; };
		542398872BD1C8EE004C4C3A /* NetworkClientTest.swift */ = {isa = PBXFileReference; lastKnownFileType = sourcecode.swift; path = NetworkClientTest.swift; sourceTree = "<group>"; };
		542398902BD1C9EC004C4C3A /* characters_list.json */ = {isa = PBXFileReference; fileEncoding = 4; lastKnownFileType = text.json; path = characters_list.json; sourceTree = "<group>"; };
		542398932BD1CA03004C4C3A /* MockedData.swift */ = {isa = PBXFileReference; lastKnownFileType = sourcecode.swift; path = MockedData.swift; sourceTree = "<group>"; };
		542398962BD1CA75004C4C3A /* MockerMock.swift */ = {isa = PBXFileReference; lastKnownFileType = sourcecode.swift; path = MockerMock.swift; sourceTree = "<group>"; };
		5423989A2BD1CAE8004C4C3A /* NetworkClientConfiguration.swift */ = {isa = PBXFileReference; lastKnownFileType = sourcecode.swift; path = NetworkClientConfiguration.swift; sourceTree = "<group>"; };
		544E685A2BD0684D001266B4 /* CharactersDetailView.swift */ = {isa = PBXFileReference; lastKnownFileType = sourcecode.swift; path = CharactersDetailView.swift; sourceTree = "<group>"; };
		544E685E2BD06A83001266B4 /* SearchCharacter.swift */ = {isa = PBXFileReference; lastKnownFileType = sourcecode.swift; path = SearchCharacter.swift; sourceTree = "<group>"; };
		544E68602BD06D71001266B4 /* CharactersQueryDTO.swift */ = {isa = PBXFileReference; lastKnownFileType = sourcecode.swift; path = CharactersQueryDTO.swift; sourceTree = "<group>"; };
		544E68622BD07433001266B4 /* CharacterStatus.swift */ = {isa = PBXFileReference; lastKnownFileType = sourcecode.swift; path = CharacterStatus.swift; sourceTree = "<group>"; };
		549C25552BD07FE30074C600 /* AppError.swift */ = {isa = PBXFileReference; lastKnownFileType = sourcecode.swift; path = AppError.swift; sourceTree = "<group>"; };
/* End PBXFileReference section */

/* Begin PBXFrameworksBuildPhase section */
		540BBBEC2BD03859008315D5 /* Frameworks */ = {
			isa = PBXFrameworksBuildPhase;
			buildActionMask = 2147483647;
			files = (
				540BBC412BD04226008315D5 /* Alamofire in Frameworks */,
				5423988D2BD1C955004C4C3A /* Mocker in Frameworks */,
			);
			runOnlyForDeploymentPostprocessing = 0;
		};
		540BBBFC2BD0385A008315D5 /* Frameworks */ = {
			isa = PBXFrameworksBuildPhase;
			buildActionMask = 2147483647;
			files = (
			);
			runOnlyForDeploymentPostprocessing = 0;
		};
		540BBC062BD0385B008315D5 /* Frameworks */ = {
			isa = PBXFrameworksBuildPhase;
			buildActionMask = 2147483647;
			files = (
			);
			runOnlyForDeploymentPostprocessing = 0;
		};
/* End PBXFrameworksBuildPhase section */

/* Begin PBXGroup section */
		540BBBE62BD03859008315D5 = {
			isa = PBXGroup;
			children = (
				542398862BD1C8CD004C4C3A /* RickAndMorty.xctestplan */,
				540BBBF12BD03859008315D5 /* RickAndMorty */,
				540BBC022BD0385A008315D5 /* RickAndMortyTests */,
				540BBC0C2BD0385B008315D5 /* RickAndMortyUITests */,
				540BBBF02BD03859008315D5 /* Products */,
			);
			sourceTree = "<group>";
		};
		540BBBF02BD03859008315D5 /* Products */ = {
			isa = PBXGroup;
			children = (
				540BBBEF2BD03859008315D5 /* RickAndMorty.app */,
				540BBBFF2BD0385A008315D5 /* RickAndMortyTests.xctest */,
				540BBC092BD0385B008315D5 /* RickAndMortyUITests.xctest */,
			);
			name = Products;
			sourceTree = "<group>";
		};
		540BBBF12BD03859008315D5 /* RickAndMorty */ = {
			isa = PBXGroup;
			children = (
				540BBC3C2BD0417F008315D5 /* API */,
				540BBC5B2BD04971008315D5 /* Data Source */,
				540BBC582BD04944008315D5 /* Use Cases */,
				540BBC1F2BD03B05008315D5 /* Domain */,
				540BBC1C2BD039EE008315D5 /* Views */,
				540BBBF22BD03859008315D5 /* RickAndMortyApp.swift */,
				540BBC2A2BD03D84008315D5 /* Localizables */,
				540BBC292BD03D72008315D5 /* Resources */,
				540BBBF82BD0385A008315D5 /* Preview Content */,
			);
			path = RickAndMorty;
			sourceTree = "<group>";
		};
		540BBBF82BD0385A008315D5 /* Preview Content */ = {
			isa = PBXGroup;
			children = (
				540BBC7E2BD05CE8008315D5 /* Domain */,
				540BBBF92BD0385A008315D5 /* Preview Assets.xcassets */,
			);
			path = "Preview Content";
			sourceTree = "<group>";
		};
		540BBC022BD0385A008315D5 /* RickAndMortyTests */ = {
			isa = PBXGroup;
			children = (
				5423988A2BD1C939004C4C3A /* API */,
			);
			path = RickAndMortyTests;
			sourceTree = "<group>";
		};
		540BBC0C2BD0385B008315D5 /* RickAndMortyUITests */ = {
			isa = PBXGroup;
			children = (
				540BBC0D2BD0385B008315D5 /* RickAndMortyUITests.swift */,
				540BBC0F2BD0385B008315D5 /* RickAndMortyUITestsLaunchTests.swift */,
			);
			path = RickAndMortyUITests;
			sourceTree = "<group>";
		};
		540BBC1C2BD039EE008315D5 /* Views */ = {
			isa = PBXGroup;
			children = (
				540BBC862BD05F22008315D5 /* Components */,
				540BBC852BD05F19008315D5 /* Scenes */,
			);
			path = Views;
			sourceTree = "<group>";
		};
		540BBC1F2BD03B05008315D5 /* Domain */ = {
			isa = PBXGroup;
			children = (
				549C25542BD07FB70074C600 /* Errors */,
				540BBC392BD0408B008315D5 /* Episodes */,
				540BBC362BD0405B008315D5 /* Characters */,
				540BBC332BD04031008315D5 /* Tab Item */,
			);
			path = Domain;
			sourceTree = "<group>";
		};
		540BBC222BD03BBB008315D5 /* RootView */ = {
			isa = PBXGroup;
			children = (
				540BBC1D2BD03A59008315D5 /* RootView.swift */,
			);
			path = RootView;
			sourceTree = "<group>";
		};
		540BBC232BD03BC2008315D5 /* Characters */ = {
			isa = PBXGroup;
			children = (
				544E68572BD0681E001266B4 /* Detail */,
				544E68562BD06815001266B4 /* List */,
			);
			path = Characters;
			sourceTree = "<group>";
		};
		540BBC242BD03BCA008315D5 /* Episodes */ = {
			isa = PBXGroup;
			children = (
				547929842BD07AA500F92F4F /* List */,
			);
			path = Episodes;
			sourceTree = "<group>";
		};
		540BBC292BD03D72008315D5 /* Resources */ = {
			isa = PBXGroup;
			children = (
				540BBBF62BD0385A008315D5 /* Assets.xcassets */,
			);
			path = Resources;
			sourceTree = "<group>";
		};
		540BBC2A2BD03D84008315D5 /* Localizables */ = {
			isa = PBXGroup;
			children = (
				540BBC2B2BD03D92008315D5 /* Localizable.xcstrings */,
			);
			path = Localizables;
			sourceTree = "<group>";
		};
		540BBC2D2BD03ECF008315D5 /* View */ = {
			isa = PBXGroup;
			children = (
				540BBC272BD03BE2008315D5 /* EpisodesView.swift */,
				540BBC7C2BD05C92008315D5 /* EpisodeItemView.swift */,
			);
			path = View;
			sourceTree = "<group>";
		};
		540BBC2E2BD03F3F008315D5 /* View Model */ = {
			isa = PBXGroup;
			children = (
				540BBC6C2BD051C2008315D5 /* EpisodesViewModel.swift */,
			);
			path = "View Model";
			sourceTree = "<group>";
		};
		540BBC2F2BD03F4B008315D5 /* View */ = {
			isa = PBXGroup;
			children = (
				540BBC252BD03BD9008315D5 /* CharactersView.swift */,
				540BBC7A2BD05C87008315D5 /* CharacterItemView.swift */,
			);
			path = View;
			sourceTree = "<group>";
		};
		540BBC302BD03F53008315D5 /* View Model */ = {
			isa = PBXGroup;
			children = (
				540BBC312BD03F61008315D5 /* CharactersViewModel.swift */,
			);
			path = "View Model";
			sourceTree = "<group>";
		};
		540BBC332BD04031008315D5 /* Tab Item */ = {
			isa = PBXGroup;
			children = (
				540BBC202BD03B19008315D5 /* RickMortyTabItem.swift */,
				540BBC342BD04047008315D5 /* TabItemRepresentable.swift */,
			);
			path = "Tab Item";
			sourceTree = "<group>";
		};
		540BBC362BD0405B008315D5 /* Characters */ = {
			isa = PBXGroup;
			children = (
				540BBC612BD04A0D008315D5 /* Mappers */,
				540BBC602BD04A00008315D5 /* Models */,
			);
			path = Characters;
			sourceTree = "<group>";
		};
		540BBC392BD0408B008315D5 /* Episodes */ = {
			isa = PBXGroup;
			children = (
				540BBC772BD052C1008315D5 /* Mappers */,
				540BBC762BD052B8008315D5 /* Models */,
			);
			path = Episodes;
			sourceTree = "<group>";
		};
		540BBC3C2BD0417F008315D5 /* API */ = {
			isa = PBXGroup;
			children = (
				540BBC4A2BD043C7008315D5 /* DTOs */,
				540BBC3E2BD0418F008315D5 /* Network Client */,
				540BBC532BD0463F008315D5 /* Services */,
				540BBC3D2BD04185008315D5 /* API Client */,
			);
			path = API;
			sourceTree = "<group>";
		};
		540BBC3D2BD04185008315D5 /* API Client */ = {
			isa = PBXGroup;
			children = (
				540BBC442BD04317008315D5 /* APIClient.swift */,
				540BBC482BD0439D008315D5 /* APIClientInterface.swift */,
			);
			path = "API Client";
			sourceTree = "<group>";
		};
		540BBC3E2BD0418F008315D5 /* Network Client */ = {
			isa = PBXGroup;
			children = (
				540BBC422BD04259008315D5 /* NetworkClient.swift */,
				540BBC462BD0433C008315D5 /* NetworkClientInterface.swift */,
				5423989A2BD1CAE8004C4C3A /* NetworkClientConfiguration.swift */,
			);
			path = "Network Client";
			sourceTree = "<group>";
		};
		540BBC4A2BD043C7008315D5 /* DTOs */ = {
			isa = PBXGroup;
			children = (
				540BBC672BD050A5008315D5 /* Episodes */,
				540BBC502BD0450A008315D5 /* List Info */,
				540BBC4F2BD04502008315D5 /* Characters */,
			);
			path = DTOs;
			sourceTree = "<group>";
		};
		540BBC4F2BD04502008315D5 /* Characters */ = {
			isa = PBXGroup;
			children = (
				540BBC4B2BD043D5008315D5 /* CharacterDTO.swift */,
				540BBC4D2BD044E4008315D5 /* CharactersListDTO.swift */,
				544E68602BD06D71001266B4 /* CharactersQueryDTO.swift */,
			);
			path = Characters;
			sourceTree = "<group>";
		};
		540BBC502BD0450A008315D5 /* List Info */ = {
			isa = PBXGroup;
			children = (
				540BBC512BD04515008315D5 /* ListInfoDTO.swift */,
			);
			path = "List Info";
			sourceTree = "<group>";
		};
		540BBC532BD0463F008315D5 /* Services */ = {
			isa = PBXGroup;
			children = (
				540BBC542BD0464C008315D5 /* APIServices.swift */,
				540BBC562BD0467B008315D5 /* APIServiceRepresentable.swift */,
			);
			path = Services;
			sourceTree = "<group>";
		};
		540BBC582BD04944008315D5 /* Use Cases */ = {
			isa = PBXGroup;
			children = (
				544E685D2BD06A70001266B4 /* Episodes */,
				544E685C2BD06A69001266B4 /* Characters */,
			);
			path = "Use Cases";
			sourceTree = "<group>";
		};
		540BBC5B2BD04971008315D5 /* Data Source */ = {
			isa = PBXGroup;
			children = (
				540BBC712BD0522D008315D5 /* Episodes */,
				540BBC702BD05222008315D5 /* Characters */,
			);
			path = "Data Source";
			sourceTree = "<group>";
		};
		540BBC602BD04A00008315D5 /* Models */ = {
			isa = PBXGroup;
			children = (
				540BBC372BD0406C008315D5 /* Character.swift */,
				544E68622BD07433001266B4 /* CharacterStatus.swift */,
			);
			path = Models;
			sourceTree = "<group>";
		};
		540BBC612BD04A0D008315D5 /* Mappers */ = {
			isa = PBXGroup;
			children = (
				540BBC622BD04A18008315D5 /* CharacterMapper.swift */,
			);
			path = Mappers;
			sourceTree = "<group>";
		};
		540BBC672BD050A5008315D5 /* Episodes */ = {
			isa = PBXGroup;
			children = (
				540BBC682BD050D9008315D5 /* EpisodeDTO.swift */,
				540BBC6A2BD050E2008315D5 /* EpisodeListDTO.swift */,
			);
			path = Episodes;
			sourceTree = "<group>";
		};
		540BBC702BD05222008315D5 /* Characters */ = {
			isa = PBXGroup;
			children = (
				540BBC5C2BD04980008315D5 /* CharactersDataSource.swift */,
				540BBC5E2BD0498B008315D5 /* CharactersDataSourceImp.swift */,
			);
			path = Characters;
			sourceTree = "<group>";
		};
		540BBC712BD0522D008315D5 /* Episodes */ = {
			isa = PBXGroup;
			children = (
				540BBC722BD0523F008315D5 /* EpisodesDataSource.swift */,
				540BBC742BD05261008315D5 /* EpisodesDataSourceImp.swift */,
			);
			path = Episodes;
			sourceTree = "<group>";
		};
		540BBC762BD052B8008315D5 /* Models */ = {
			isa = PBXGroup;
			children = (
				540BBC3A2BD04095008315D5 /* Episode.swift */,
			);
			path = Models;
			sourceTree = "<group>";
		};
		540BBC772BD052C1008315D5 /* Mappers */ = {
			isa = PBXGroup;
			children = (
				540BBC782BD052CD008315D5 /* EpisodeMapper.swift */,
			);
			path = Mappers;
			sourceTree = "<group>";
		};
		540BBC7E2BD05CE8008315D5 /* Domain */ = {
			isa = PBXGroup;
			children = (
				540BBC822BD05D10008315D5 /* Characters */,
				540BBC812BD05D09008315D5 /* Episodes */,
			);
			path = Domain;
			sourceTree = "<group>";
		};
		540BBC812BD05D09008315D5 /* Episodes */ = {
			isa = PBXGroup;
			children = (
				540BBC7F2BD05D05008315D5 /* Episode+PreviewContent.swift */,
			);
			path = Episodes;
			sourceTree = "<group>";
		};
		540BBC822BD05D10008315D5 /* Characters */ = {
			isa = PBXGroup;
			children = (
				540BBC832BD05D1A008315D5 /* Character+PreviewContent.swift */,
			);
			path = Characters;
			sourceTree = "<group>";
		};
		540BBC852BD05F19008315D5 /* Scenes */ = {
			isa = PBXGroup;
			children = (
				540BBC242BD03BCA008315D5 /* Episodes */,
				540BBC232BD03BC2008315D5 /* Characters */,
				540BBC222BD03BBB008315D5 /* RootView */,
			);
			path = Scenes;
			sourceTree = "<group>";
		};
		540BBC862BD05F22008315D5 /* Components */ = {
			isa = PBXGroup;
			children = (
				540BBC872BD05F33008315D5 /* CustomRemoteImage.swift */,
			);
			path = Components;
			sourceTree = "<group>";
		};
		5423988A2BD1C939004C4C3A /* API */ = {
			isa = PBXGroup;
			children = (
				5423988E2BD1C991004C4C3A /* Mocks */,
				542398872BD1C8EE004C4C3A /* NetworkClientTest.swift */,
			);
			path = API;
			sourceTree = "<group>";
		};
		5423988E2BD1C991004C4C3A /* Mocks */ = {
			isa = PBXGroup;
			children = (
				5423988F2BD1C997004C4C3A /* Data */,
				542398932BD1CA03004C4C3A /* MockedData.swift */,
				542398962BD1CA75004C4C3A /* MockerMock.swift */,
			);
			path = Mocks;
			sourceTree = "<group>";
		};
		5423988F2BD1C997004C4C3A /* Data */ = {
			isa = PBXGroup;
			children = (
				542398902BD1C9EC004C4C3A /* characters_list.json */,
			);
			path = Data;
			sourceTree = "<group>";
		};
		544E68562BD06815001266B4 /* List */ = {
			isa = PBXGroup;
			children = (
				540BBC302BD03F53008315D5 /* View Model */,
				540BBC2F2BD03F4B008315D5 /* View */,
			);
			path = List;
			sourceTree = "<group>";
		};
		544E68572BD0681E001266B4 /* Detail */ = {
			isa = PBXGroup;
			children = (
				544E68582BD06825001266B4 /* View */,
			);
			path = Detail;
			sourceTree = "<group>";
		};
		544E68582BD06825001266B4 /* View */ = {
			isa = PBXGroup;
			children = (
				544E685A2BD0684D001266B4 /* CharactersDetailView.swift */,
			);
			path = View;
			sourceTree = "<group>";
		};
		544E685C2BD06A69001266B4 /* Characters */ = {
			isa = PBXGroup;
			children = (
				540BBC592BD04960008315D5 /* GetAllCharacters.swift */,
				544E685E2BD06A83001266B4 /* SearchCharacter.swift */,
			);
			path = Characters;
			sourceTree = "<group>";
		};
		544E685D2BD06A70001266B4 /* Episodes */ = {
			isa = PBXGroup;
			children = (
				540BBC6E2BD05210008315D5 /* GetAllEpisodes.swift */,
			);
			path = Episodes;
			sourceTree = "<group>";
		};
		547929842BD07AA500F92F4F /* List */ = {
			isa = PBXGroup;
			children = (
				540BBC2E2BD03F3F008315D5 /* View Model */,
				540BBC2D2BD03ECF008315D5 /* View */,
			);
			path = List;
			sourceTree = "<group>";
		};
		549C25542BD07FB70074C600 /* Errors */ = {
			isa = PBXGroup;
			children = (
				549C25552BD07FE30074C600 /* AppError.swift */,
			);
			path = Errors;
			sourceTree = "<group>";
		};
/* End PBXGroup section */

/* Begin PBXNativeTarget section */
		540BBBEE2BD03859008315D5 /* RickAndMorty */ = {
			isa = PBXNativeTarget;
			buildConfigurationList = 540BBC132BD0385B008315D5 /* Build configuration list for PBXNativeTarget "RickAndMorty" */;
			buildPhases = (
				540BBBEB2BD03859008315D5 /* Sources */,
				540BBBEC2BD03859008315D5 /* Frameworks */,
				540BBBED2BD03859008315D5 /* Resources */,
			);
			buildRules = (
			);
			dependencies = (
			);
			name = RickAndMorty;
			packageProductDependencies = (
				540BBC402BD04226008315D5 /* Alamofire */,
				5423988C2BD1C955004C4C3A /* Mocker */,
			);
			productName = RickAndMorty;
			productReference = 540BBBEF2BD03859008315D5 /* RickAndMorty.app */;
			productType = "com.apple.product-type.application";
		};
		540BBBFE2BD0385A008315D5 /* RickAndMortyTests */ = {
			isa = PBXNativeTarget;
			buildConfigurationList = 540BBC162BD0385B008315D5 /* Build configuration list for PBXNativeTarget "RickAndMortyTests" */;
			buildPhases = (
				540BBBFB2BD0385A008315D5 /* Sources */,
				540BBBFC2BD0385A008315D5 /* Frameworks */,
				540BBBFD2BD0385A008315D5 /* Resources */,
			);
			buildRules = (
			);
			dependencies = (
				540BBC012BD0385A008315D5 /* PBXTargetDependency */,
			);
			name = RickAndMortyTests;
			productName = RickAndMortyTests;
			productReference = 540BBBFF2BD0385A008315D5 /* RickAndMortyTests.xctest */;
			productType = "com.apple.product-type.bundle.unit-test";
		};
		540BBC082BD0385B008315D5 /* RickAndMortyUITests */ = {
			isa = PBXNativeTarget;
			buildConfigurationList = 540BBC192BD0385B008315D5 /* Build configuration list for PBXNativeTarget "RickAndMortyUITests" */;
			buildPhases = (
				540BBC052BD0385B008315D5 /* Sources */,
				540BBC062BD0385B008315D5 /* Frameworks */,
				540BBC072BD0385B008315D5 /* Resources */,
			);
			buildRules = (
			);
			dependencies = (
				540BBC0B2BD0385B008315D5 /* PBXTargetDependency */,
			);
			name = RickAndMortyUITests;
			productName = RickAndMortyUITests;
			productReference = 540BBC092BD0385B008315D5 /* RickAndMortyUITests.xctest */;
			productType = "com.apple.product-type.bundle.ui-testing";
		};
/* End PBXNativeTarget section */

/* Begin PBXProject section */
		540BBBE72BD03859008315D5 /* Project object */ = {
			isa = PBXProject;
			attributes = {
				BuildIndependentTargetsInParallel = 1;
				LastSwiftUpdateCheck = 1520;
				LastUpgradeCheck = 1520;
				TargetAttributes = {
					540BBBEE2BD03859008315D5 = {
						CreatedOnToolsVersion = 15.2;
					};
					540BBBFE2BD0385A008315D5 = {
						CreatedOnToolsVersion = 15.2;
						TestTargetID = 540BBBEE2BD03859008315D5;
					};
					540BBC082BD0385B008315D5 = {
						CreatedOnToolsVersion = 15.2;
						TestTargetID = 540BBBEE2BD03859008315D5;
					};
				};
			};
			buildConfigurationList = 540BBBEA2BD03859008315D5 /* Build configuration list for PBXProject "RickAndMorty" */;
			compatibilityVersion = "Xcode 14.0";
			developmentRegion = en;
			hasScannedForEncodings = 0;
			knownRegions = (
				en,
				Base,
				es,
			);
			mainGroup = 540BBBE62BD03859008315D5;
			packageReferences = (
				540BBC3F2BD04226008315D5 /* XCRemoteSwiftPackageReference "Alamofire" */,
				5423988B2BD1C955004C4C3A /* XCRemoteSwiftPackageReference "Mocker" */,
			);
			productRefGroup = 540BBBF02BD03859008315D5 /* Products */;
			projectDirPath = "";
			projectRoot = "";
			targets = (
				540BBBEE2BD03859008315D5 /* RickAndMorty */,
				540BBBFE2BD0385A008315D5 /* RickAndMortyTests */,
				540BBC082BD0385B008315D5 /* RickAndMortyUITests */,
			);
		};
/* End PBXProject section */

/* Begin PBXResourcesBuildPhase section */
		540BBBED2BD03859008315D5 /* Resources */ = {
			isa = PBXResourcesBuildPhase;
			buildActionMask = 2147483647;
			files = (
				540BBBFA2BD0385A008315D5 /* Preview Assets.xcassets in Resources */,
				540BBBF72BD0385A008315D5 /* Assets.xcassets in Resources */,
				540BBC2C2BD03D92008315D5 /* Localizable.xcstrings in Resources */,
				542398912BD1C9EC004C4C3A /* characters_list.json in Resources */,
			);
			runOnlyForDeploymentPostprocessing = 0;
		};
		540BBBFD2BD0385A008315D5 /* Resources */ = {
			isa = PBXResourcesBuildPhase;
			buildActionMask = 2147483647;
			files = (
				542398922BD1C9EC004C4C3A /* characters_list.json in Resources */,
			);
			runOnlyForDeploymentPostprocessing = 0;
		};
		540BBC072BD0385B008315D5 /* Resources */ = {
			isa = PBXResourcesBuildPhase;
			buildActionMask = 2147483647;
			files = (
			);
			runOnlyForDeploymentPostprocessing = 0;
		};
/* End PBXResourcesBuildPhase section */

/* Begin PBXSourcesBuildPhase section */
		540BBBEB2BD03859008315D5 /* Sources */ = {
			isa = PBXSourcesBuildPhase;
			buildActionMask = 2147483647;
			files = (
				542398942BD1CA03004C4C3A /* MockedData.swift in Sources */,
				540BBC5A2BD04960008315D5 /* GetAllCharacters.swift in Sources */,
				540BBC4E2BD044E4008315D5 /* CharactersListDTO.swift in Sources */,
				540BBC322BD03F61008315D5 /* CharactersViewModel.swift in Sources */,
				540BBC7D2BD05C92008315D5 /* EpisodeItemView.swift in Sources */,
				540BBC492BD0439D008315D5 /* APIClientInterface.swift in Sources */,
				540BBC5D2BD04980008315D5 /* CharactersDataSource.swift in Sources */,
				540BBC882BD05F33008315D5 /* CustomRemoteImage.swift in Sources */,
				544E68612BD06D71001266B4 /* CharactersQueryDTO.swift in Sources */,
				540BBC472BD0433C008315D5 /* NetworkClientInterface.swift in Sources */,
				5423989B2BD1CAE8004C4C3A /* NetworkClientConfiguration.swift in Sources */,
				540BBC732BD0523F008315D5 /* EpisodesDataSource.swift in Sources */,
				540BBC752BD05261008315D5 /* EpisodesDataSourceImp.swift in Sources */,
				540BBC4C2BD043D5008315D5 /* CharacterDTO.swift in Sources */,
				540BBC432BD04259008315D5 /* NetworkClient.swift in Sources */,
				540BBC1E2BD03A59008315D5 /* RootView.swift in Sources */,
				540BBC5F2BD0498B008315D5 /* CharactersDataSourceImp.swift in Sources */,
				544E68632BD07433001266B4 /* CharacterStatus.swift in Sources */,
				540BBC632BD04A18008315D5 /* CharacterMapper.swift in Sources */,
				542398972BD1CA75004C4C3A /* MockerMock.swift in Sources */,
				549C25562BD07FE30074C600 /* AppError.swift in Sources */,
				544E685B2BD0684D001266B4 /* CharactersDetailView.swift in Sources */,
				540BBC352BD04047008315D5 /* TabItemRepresentable.swift in Sources */,
				540BBC842BD05D1A008315D5 /* Character+PreviewContent.swift in Sources */,
				540BBBF32BD03859008315D5 /* RickAndMortyApp.swift in Sources */,
				540BBC802BD05D05008315D5 /* Episode+PreviewContent.swift in Sources */,
				540BBC6B2BD050E2008315D5 /* EpisodeListDTO.swift in Sources */,
				540BBC452BD04317008315D5 /* APIClient.swift in Sources */,
				540BBC792BD052CD008315D5 /* EpisodeMapper.swift in Sources */,
				540BBC7B2BD05C87008315D5 /* CharacterItemView.swift in Sources */,
				540BBC262BD03BD9008315D5 /* CharactersView.swift in Sources */,
				540BBC572BD0467B008315D5 /* APIServiceRepresentable.swift in Sources */,
				540BBC552BD0464C008315D5 /* APIServices.swift in Sources */,
				540BBC522BD04515008315D5 /* ListInfoDTO.swift in Sources */,
				540BBC6D2BD051C2008315D5 /* EpisodesViewModel.swift in Sources */,
				540BBC692BD050D9008315D5 /* EpisodeDTO.swift in Sources */,
				540BBC212BD03B19008315D5 /* RickMortyTabItem.swift in Sources */,
				540BBC282BD03BE2008315D5 /* EpisodesView.swift in Sources */,
				540BBC3B2BD04095008315D5 /* Episode.swift in Sources */,
				540BBC6F2BD05210008315D5 /* GetAllEpisodes.swift in Sources */,
				540BBC382BD0406C008315D5 /* Character.swift in Sources */,
				544E685F2BD06A83001266B4 /* SearchCharacter.swift in Sources */,
			);
			runOnlyForDeploymentPostprocessing = 0;
		};
		540BBBFB2BD0385A008315D5 /* Sources */ = {
			isa = PBXSourcesBuildPhase;
			buildActionMask = 2147483647;
			files = (
				542398882BD1C8EE004C4C3A /* NetworkClientTest.swift in Sources */,
				542398982BD1CA75004C4C3A /* MockerMock.swift in Sources */,
				542398952BD1CA03004C4C3A /* MockedData.swift in Sources */,
				5423989C2BD1CAE8004C4C3A /* NetworkClientConfiguration.swift in Sources */,
			);
			runOnlyForDeploymentPostprocessing = 0;
		};
		540BBC052BD0385B008315D5 /* Sources */ = {
			isa = PBXSourcesBuildPhase;
			buildActionMask = 2147483647;
			files = (
				540BBC0E2BD0385B008315D5 /* RickAndMortyUITests.swift in Sources */,
				540BBC102BD0385B008315D5 /* RickAndMortyUITestsLaunchTests.swift in Sources */,
			);
			runOnlyForDeploymentPostprocessing = 0;
		};
/* End PBXSourcesBuildPhase section */

/* Begin PBXTargetDependency section */
		540BBC012BD0385A008315D5 /* PBXTargetDependency */ = {
			isa = PBXTargetDependency;
			target = 540BBBEE2BD03859008315D5 /* RickAndMorty */;
			targetProxy = 540BBC002BD0385A008315D5 /* PBXContainerItemProxy */;
		};
		540BBC0B2BD0385B008315D5 /* PBXTargetDependency */ = {
			isa = PBXTargetDependency;
			target = 540BBBEE2BD03859008315D5 /* RickAndMorty */;
			targetProxy = 540BBC0A2BD0385B008315D5 /* PBXContainerItemProxy */;
		};
/* End PBXTargetDependency section */

/* Begin XCBuildConfiguration section */
		540BBC112BD0385B008315D5 /* Debug */ = {
			isa = XCBuildConfiguration;
			buildSettings = {
				ALWAYS_SEARCH_USER_PATHS = NO;
				ASSETCATALOG_COMPILER_GENERATE_SWIFT_ASSET_SYMBOL_EXTENSIONS = YES;
				CLANG_ANALYZER_NONNULL = YES;
				CLANG_ANALYZER_NUMBER_OBJECT_CONVERSION = YES_AGGRESSIVE;
				CLANG_CXX_LANGUAGE_STANDARD = "gnu++20";
				CLANG_ENABLE_MODULES = YES;
				CLANG_ENABLE_OBJC_ARC = YES;
				CLANG_ENABLE_OBJC_WEAK = YES;
				CLANG_WARN_BLOCK_CAPTURE_AUTORELEASING = YES;
				CLANG_WARN_BOOL_CONVERSION = YES;
				CLANG_WARN_COMMA = YES;
				CLANG_WARN_CONSTANT_CONVERSION = YES;
				CLANG_WARN_DEPRECATED_OBJC_IMPLEMENTATIONS = YES;
				CLANG_WARN_DIRECT_OBJC_ISA_USAGE = YES_ERROR;
				CLANG_WARN_DOCUMENTATION_COMMENTS = YES;
				CLANG_WARN_EMPTY_BODY = YES;
				CLANG_WARN_ENUM_CONVERSION = YES;
				CLANG_WARN_INFINITE_RECURSION = YES;
				CLANG_WARN_INT_CONVERSION = YES;
				CLANG_WARN_NON_LITERAL_NULL_CONVERSION = YES;
				CLANG_WARN_OBJC_IMPLICIT_RETAIN_SELF = YES;
				CLANG_WARN_OBJC_LITERAL_CONVERSION = YES;
				CLANG_WARN_OBJC_ROOT_CLASS = YES_ERROR;
				CLANG_WARN_QUOTED_INCLUDE_IN_FRAMEWORK_HEADER = YES;
				CLANG_WARN_RANGE_LOOP_ANALYSIS = YES;
				CLANG_WARN_STRICT_PROTOTYPES = YES;
				CLANG_WARN_SUSPICIOUS_MOVE = YES;
				CLANG_WARN_UNGUARDED_AVAILABILITY = YES_AGGRESSIVE;
				CLANG_WARN_UNREACHABLE_CODE = YES;
				CLANG_WARN__DUPLICATE_METHOD_MATCH = YES;
				COPY_PHASE_STRIP = NO;
				DEBUG_INFORMATION_FORMAT = dwarf;
				ENABLE_STRICT_OBJC_MSGSEND = YES;
				ENABLE_TESTABILITY = YES;
				ENABLE_TESTING_SEARCH_PATHS = YES;
				ENABLE_USER_SCRIPT_SANDBOXING = YES;
				GCC_C_LANGUAGE_STANDARD = gnu17;
				GCC_DYNAMIC_NO_PIC = NO;
				GCC_NO_COMMON_BLOCKS = YES;
				GCC_OPTIMIZATION_LEVEL = 0;
				GCC_PREPROCESSOR_DEFINITIONS = (
					"DEBUG=1",
					"$(inherited)",
				);
				GCC_WARN_64_TO_32_BIT_CONVERSION = YES;
				GCC_WARN_ABOUT_RETURN_TYPE = YES_ERROR;
				GCC_WARN_UNDECLARED_SELECTOR = YES;
				GCC_WARN_UNINITIALIZED_AUTOS = YES_AGGRESSIVE;
				GCC_WARN_UNUSED_FUNCTION = YES;
				GCC_WARN_UNUSED_VARIABLE = YES;
				IPHONEOS_DEPLOYMENT_TARGET = 17.2;
				LOCALIZATION_PREFERS_STRING_CATALOGS = YES;
				MTL_ENABLE_DEBUG_INFO = INCLUDE_SOURCE;
				MTL_FAST_MATH = YES;
				ONLY_ACTIVE_ARCH = YES;
				SDKROOT = iphoneos;
				SWIFT_ACTIVE_COMPILATION_CONDITIONS = "DEBUG $(inherited)";
				SWIFT_OPTIMIZATION_LEVEL = "-Onone";
			};
			name = Debug;
		};
		540BBC122BD0385B008315D5 /* Release */ = {
			isa = XCBuildConfiguration;
			buildSettings = {
				ALWAYS_SEARCH_USER_PATHS = NO;
				ASSETCATALOG_COMPILER_GENERATE_SWIFT_ASSET_SYMBOL_EXTENSIONS = YES;
				CLANG_ANALYZER_NONNULL = YES;
				CLANG_ANALYZER_NUMBER_OBJECT_CONVERSION = YES_AGGRESSIVE;
				CLANG_CXX_LANGUAGE_STANDARD = "gnu++20";
				CLANG_ENABLE_MODULES = YES;
				CLANG_ENABLE_OBJC_ARC = YES;
				CLANG_ENABLE_OBJC_WEAK = YES;
				CLANG_WARN_BLOCK_CAPTURE_AUTORELEASING = YES;
				CLANG_WARN_BOOL_CONVERSION = YES;
				CLANG_WARN_COMMA = YES;
				CLANG_WARN_CONSTANT_CONVERSION = YES;
				CLANG_WARN_DEPRECATED_OBJC_IMPLEMENTATIONS = YES;
				CLANG_WARN_DIRECT_OBJC_ISA_USAGE = YES_ERROR;
				CLANG_WARN_DOCUMENTATION_COMMENTS = YES;
				CLANG_WARN_EMPTY_BODY = YES;
				CLANG_WARN_ENUM_CONVERSION = YES;
				CLANG_WARN_INFINITE_RECURSION = YES;
				CLANG_WARN_INT_CONVERSION = YES;
				CLANG_WARN_NON_LITERAL_NULL_CONVERSION = YES;
				CLANG_WARN_OBJC_IMPLICIT_RETAIN_SELF = YES;
				CLANG_WARN_OBJC_LITERAL_CONVERSION = YES;
				CLANG_WARN_OBJC_ROOT_CLASS = YES_ERROR;
				CLANG_WARN_QUOTED_INCLUDE_IN_FRAMEWORK_HEADER = YES;
				CLANG_WARN_RANGE_LOOP_ANALYSIS = YES;
				CLANG_WARN_STRICT_PROTOTYPES = YES;
				CLANG_WARN_SUSPICIOUS_MOVE = YES;
				CLANG_WARN_UNGUARDED_AVAILABILITY = YES_AGGRESSIVE;
				CLANG_WARN_UNREACHABLE_CODE = YES;
				CLANG_WARN__DUPLICATE_METHOD_MATCH = YES;
				COPY_PHASE_STRIP = NO;
				DEBUG_INFORMATION_FORMAT = "dwarf-with-dsym";
				ENABLE_NS_ASSERTIONS = NO;
				ENABLE_STRICT_OBJC_MSGSEND = YES;
				ENABLE_TESTING_SEARCH_PATHS = YES;
				ENABLE_USER_SCRIPT_SANDBOXING = YES;
				GCC_C_LANGUAGE_STANDARD = gnu17;
				GCC_NO_COMMON_BLOCKS = YES;
				GCC_WARN_64_TO_32_BIT_CONVERSION = YES;
				GCC_WARN_ABOUT_RETURN_TYPE = YES_ERROR;
				GCC_WARN_UNDECLARED_SELECTOR = YES;
				GCC_WARN_UNINITIALIZED_AUTOS = YES_AGGRESSIVE;
				GCC_WARN_UNUSED_FUNCTION = YES;
				GCC_WARN_UNUSED_VARIABLE = YES;
				IPHONEOS_DEPLOYMENT_TARGET = 17.2;
				LOCALIZATION_PREFERS_STRING_CATALOGS = YES;
				MTL_ENABLE_DEBUG_INFO = NO;
				MTL_FAST_MATH = YES;
				SDKROOT = iphoneos;
				SWIFT_COMPILATION_MODE = wholemodule;
				VALIDATE_PRODUCT = YES;
			};
			name = Release;
		};
		540BBC142BD0385B008315D5 /* Debug */ = {
			isa = XCBuildConfiguration;
			buildSettings = {
				ASSETCATALOG_COMPILER_APPICON_NAME = AppIcon;
				ASSETCATALOG_COMPILER_GLOBAL_ACCENT_COLOR_NAME = AccentColor;
				CODE_SIGN_STYLE = Automatic;
				CURRENT_PROJECT_VERSION = 1;
				DEVELOPMENT_ASSET_PATHS = "\"RickAndMorty/Preview Content\"";
				DEVELOPMENT_TEAM = SD98EDDB4C;
				ENABLE_PREVIEWS = YES;
				GENERATE_INFOPLIST_FILE = YES;
				INFOPLIST_KEY_UIApplicationSceneManifest_Generation = YES;
				INFOPLIST_KEY_UIApplicationSupportsIndirectInputEvents = YES;
				INFOPLIST_KEY_UILaunchScreen_Generation = YES;
				INFOPLIST_KEY_UISupportedInterfaceOrientations_iPad = "UIInterfaceOrientationPortrait UIInterfaceOrientationPortraitUpsideDown UIInterfaceOrientationLandscapeLeft UIInterfaceOrientationLandscapeRight";
				INFOPLIST_KEY_UISupportedInterfaceOrientations_iPhone = "UIInterfaceOrientationPortrait UIInterfaceOrientationLandscapeLeft UIInterfaceOrientationLandscapeRight";
				LD_RUNPATH_SEARCH_PATHS = (
					"$(inherited)",
					"@executable_path/Frameworks",
				);
				MARKETING_VERSION = 1.0;
				PRODUCT_BUNDLE_IDENTIFIER = com.manu.RickAndMorty;
				PRODUCT_NAME = "$(TARGET_NAME)";
				SWIFT_EMIT_LOC_STRINGS = YES;
				SWIFT_VERSION = 5.0;
				TARGETED_DEVICE_FAMILY = "1,2";
			};
			name = Debug;
		};
		540BBC152BD0385B008315D5 /* Release */ = {
			isa = XCBuildConfiguration;
			buildSettings = {
				ASSETCATALOG_COMPILER_APPICON_NAME = AppIcon;
				ASSETCATALOG_COMPILER_GLOBAL_ACCENT_COLOR_NAME = AccentColor;
				CODE_SIGN_STYLE = Automatic;
				CURRENT_PROJECT_VERSION = 1;
				DEVELOPMENT_ASSET_PATHS = "\"RickAndMorty/Preview Content\"";
				DEVELOPMENT_TEAM = SD98EDDB4C;
				ENABLE_PREVIEWS = YES;
				GENERATE_INFOPLIST_FILE = YES;
				INFOPLIST_KEY_UIApplicationSceneManifest_Generation = YES;
				INFOPLIST_KEY_UIApplicationSupportsIndirectInputEvents = YES;
				INFOPLIST_KEY_UILaunchScreen_Generation = YES;
				INFOPLIST_KEY_UISupportedInterfaceOrientations_iPad = "UIInterfaceOrientationPortrait UIInterfaceOrientationPortraitUpsideDown UIInterfaceOrientationLandscapeLeft UIInterfaceOrientationLandscapeRight";
				INFOPLIST_KEY_UISupportedInterfaceOrientations_iPhone = "UIInterfaceOrientationPortrait UIInterfaceOrientationLandscapeLeft UIInterfaceOrientationLandscapeRight";
				LD_RUNPATH_SEARCH_PATHS = (
					"$(inherited)",
					"@executable_path/Frameworks",
				);
				MARKETING_VERSION = 1.0;
				PRODUCT_BUNDLE_IDENTIFIER = com.manu.RickAndMorty;
				PRODUCT_NAME = "$(TARGET_NAME)";
				SWIFT_EMIT_LOC_STRINGS = YES;
				SWIFT_VERSION = 5.0;
				TARGETED_DEVICE_FAMILY = "1,2";
			};
			name = Release;
		};
		540BBC172BD0385B008315D5 /* Debug */ = {
			isa = XCBuildConfiguration;
			buildSettings = {
				ALWAYS_EMBED_SWIFT_STANDARD_LIBRARIES = YES;
				BUNDLE_LOADER = "$(TEST_HOST)";
				CODE_SIGN_STYLE = Automatic;
				CURRENT_PROJECT_VERSION = 1;
				DEVELOPMENT_TEAM = SD98EDDB4C;
				GENERATE_INFOPLIST_FILE = YES;
				IPHONEOS_DEPLOYMENT_TARGET = 17.2;
				MARKETING_VERSION = 1.0;
				PRODUCT_BUNDLE_IDENTIFIER = com.manu.RickAndMortyTests;
				PRODUCT_NAME = "$(TARGET_NAME)";
				SWIFT_EMIT_LOC_STRINGS = NO;
				SWIFT_VERSION = 5.0;
				TARGETED_DEVICE_FAMILY = "1,2";
				TEST_HOST = "$(BUILT_PRODUCTS_DIR)/RickAndMorty.app/$(BUNDLE_EXECUTABLE_FOLDER_PATH)/RickAndMorty";
			};
			name = Debug;
		};
		540BBC182BD0385B008315D5 /* Release */ = {
			isa = XCBuildConfiguration;
			buildSettings = {
				ALWAYS_EMBED_SWIFT_STANDARD_LIBRARIES = YES;
				BUNDLE_LOADER = "$(TEST_HOST)";
				CODE_SIGN_STYLE = Automatic;
				CURRENT_PROJECT_VERSION = 1;
				DEVELOPMENT_TEAM = SD98EDDB4C;
				GENERATE_INFOPLIST_FILE = YES;
				IPHONEOS_DEPLOYMENT_TARGET = 17.2;
				MARKETING_VERSION = 1.0;
				PRODUCT_BUNDLE_IDENTIFIER = com.manu.RickAndMortyTests;
				PRODUCT_NAME = "$(TARGET_NAME)";
				SWIFT_EMIT_LOC_STRINGS = NO;
				SWIFT_VERSION = 5.0;
				TARGETED_DEVICE_FAMILY = "1,2";
				TEST_HOST = "$(BUILT_PRODUCTS_DIR)/RickAndMorty.app/$(BUNDLE_EXECUTABLE_FOLDER_PATH)/RickAndMorty";
			};
			name = Release;
		};
		540BBC1A2BD0385B008315D5 /* Debug */ = {
			isa = XCBuildConfiguration;
			buildSettings = {
				ALWAYS_EMBED_SWIFT_STANDARD_LIBRARIES = YES;
				CODE_SIGN_STYLE = Automatic;
				CURRENT_PROJECT_VERSION = 1;
				DEVELOPMENT_TEAM = SD98EDDB4C;
				GENERATE_INFOPLIST_FILE = YES;
				MARKETING_VERSION = 1.0;
				PRODUCT_BUNDLE_IDENTIFIER = com.manu.RickAndMortyUITests;
				PRODUCT_NAME = "$(TARGET_NAME)";
				SWIFT_EMIT_LOC_STRINGS = NO;
				SWIFT_VERSION = 5.0;
				TARGETED_DEVICE_FAMILY = "1,2";
				TEST_TARGET_NAME = RickAndMorty;
			};
			name = Debug;
		};
		540BBC1B2BD0385B008315D5 /* Release */ = {
			isa = XCBuildConfiguration;
			buildSettings = {
				ALWAYS_EMBED_SWIFT_STANDARD_LIBRARIES = YES;
				CODE_SIGN_STYLE = Automatic;
				CURRENT_PROJECT_VERSION = 1;
				DEVELOPMENT_TEAM = SD98EDDB4C;
				GENERATE_INFOPLIST_FILE = YES;
				MARKETING_VERSION = 1.0;
				PRODUCT_BUNDLE_IDENTIFIER = com.manu.RickAndMortyUITests;
				PRODUCT_NAME = "$(TARGET_NAME)";
				SWIFT_EMIT_LOC_STRINGS = NO;
				SWIFT_VERSION = 5.0;
				TARGETED_DEVICE_FAMILY = "1,2";
				TEST_TARGET_NAME = RickAndMorty;
			};
			name = Release;
		};
/* End XCBuildConfiguration section */

/* Begin XCConfigurationList section */
		540BBBEA2BD03859008315D5 /* Build configuration list for PBXProject "RickAndMorty" */ = {
			isa = XCConfigurationList;
			buildConfigurations = (
				540BBC112BD0385B008315D5 /* Debug */,
				540BBC122BD0385B008315D5 /* Release */,
			);
			defaultConfigurationIsVisible = 0;
			defaultConfigurationName = Release;
		};
		540BBC132BD0385B008315D5 /* Build configuration list for PBXNativeTarget "RickAndMorty" */ = {
			isa = XCConfigurationList;
			buildConfigurations = (
				540BBC142BD0385B008315D5 /* Debug */,
				540BBC152BD0385B008315D5 /* Release */,
			);
			defaultConfigurationIsVisible = 0;
			defaultConfigurationName = Release;
		};
		540BBC162BD0385B008315D5 /* Build configuration list for PBXNativeTarget "RickAndMortyTests" */ = {
			isa = XCConfigurationList;
			buildConfigurations = (
				540BBC172BD0385B008315D5 /* Debug */,
				540BBC182BD0385B008315D5 /* Release */,
			);
			defaultConfigurationIsVisible = 0;
			defaultConfigurationName = Release;
		};
		540BBC192BD0385B008315D5 /* Build configuration list for PBXNativeTarget "RickAndMortyUITests" */ = {
			isa = XCConfigurationList;
			buildConfigurations = (
				540BBC1A2BD0385B008315D5 /* Debug */,
				540BBC1B2BD0385B008315D5 /* Release */,
			);
			defaultConfigurationIsVisible = 0;
			defaultConfigurationName = Release;
		};
/* End XCConfigurationList section */

/* Begin XCRemoteSwiftPackageReference section */
		540BBC3F2BD04226008315D5 /* XCRemoteSwiftPackageReference "Alamofire" */ = {
			isa = XCRemoteSwiftPackageReference;
			repositoryURL = "https://github.com/Alamofire/Alamofire.git";
			requirement = {
				kind = upToNextMajorVersion;
				minimumVersion = 5.0.0;
			};
		};
		5423988B2BD1C955004C4C3A /* XCRemoteSwiftPackageReference "Mocker" */ = {
			isa = XCRemoteSwiftPackageReference;
			repositoryURL = "https://github.com/WeTransfer/Mocker.git";
			requirement = {
				kind = upToNextMajorVersion;
				minimumVersion = 3.0.0;
			};
		};
/* End XCRemoteSwiftPackageReference section */

/* Begin XCSwiftPackageProductDependency section */
		540BBC402BD04226008315D5 /* Alamofire */ = {
			isa = XCSwiftPackageProductDependency;
			package = 540BBC3F2BD04226008315D5 /* XCRemoteSwiftPackageReference "Alamofire" */;
			productName = Alamofire;
		};
		5423988C2BD1C955004C4C3A /* Mocker */ = {
			isa = XCSwiftPackageProductDependency;
			package = 5423988B2BD1C955004C4C3A /* XCRemoteSwiftPackageReference "Mocker" */;
			productName = Mocker;
		};
/* End XCSwiftPackageProductDependency section */
	};
	rootObject = 540BBBE72BD03859008315D5 /* Project object */;
}
